buf.build/gen/go/bufbuild/protovalidate/protocolbuffers/go v1.34.2-20240508200655-46a4cf4ba109.2 h1:cFrEG/pJch6t62+jqndcPXeTNkYcztS4tBRgNkR+drw=
buf.build/gen/go/bufbuild/protovalidate/protocolbuffers/go v1.34.2-20240508200655-46a4cf4ba109.2/go.mod h1:ylS4c28ACSI59oJrOdW4pHS4n0Hw4TgSPHn8rpHl4Yw=
buf.build/gen/go/coscene-io/coscene-openapi/connectrpc/go v1.16.2-20240725090628-e85f44a7bf0f.1 h1:qdjxAZqUVLJZOLFhdE2zDYfzMeBQwKm0O1LO92lLDsc=
buf.build/gen/go/coscene-io/coscene-openapi/connectrpc/go v1.16.2-20240725090628-e85f44a7bf0f.1/go.mod h1:Zr64qrGyRPxeuSoRU5W3MzPt5ah3FwgzaEsoLXVVXxs=
buf.build/gen/go/coscene-io/coscene-openapi/protocolbuffers/go v1.34.2-20240725090628-e85f44a7bf0f.2 h1:OXsC7i7gtDai308S2EGOsKIOn5MMMJdZNxh0E3iXLew=
buf.build/gen/go/coscene-io/coscene-openapi/protocolbuffers/go v1.34.2-20240725090628-e85f44a7bf0f.2/go.mod h1:9pb3P3zJTck30yDbObXFRhhZYgAUG1goKuLG4i44QYw=
buf.build/gen/go/gnostic/gnostic/protocolbuffers/go v1.34.2-20230414000709-087bc8072ce4.2 h1:4zSMwSY0Z9rWHbi29v4emrAlIFjpjvW3bUhyueXR1Yo=
buf.build/gen/go/gnostic/gnostic/protocolbuffers/go v1.34.2-20230414000709-087bc8072ce4.2/go.mod h1:UEAGB1vgAsyo7il4GaBe+b1g9LnHlfmqgMOBhQEu2bo=
connectrpc.com/connect v1.16.2 h1:ybd6y+ls7GOlb7Bh5C8+ghA6SvCBajHwxssO2CGFjqE=
connectrpc.com/connect v1.16.2/go.mod h1:n2kgwskMHXC+lVqb18wngEpF95ldBHXjZYJussz5FRc=
github.com/google/go-cmp v0.5.9 h1:O2Tfq5qg4qc4AmwVlvv0oLiVAGB7enBSJ2x2DqQFi38=
github.com/google/go-cmp v0.5.9/go.mod h1:17dUlkBOakJ0+DkrSSNjCkIjxS6bF9zb3elmeNGIjoY=
golang.org/x/net v0.26.0 h1:soB7SVo0PWrY4vPW/+ay0jKDNScG2X9wFeYlXIvJsOQ=
golang.org/x/net v0.26.0/go.mod h1:5YKkiSynbBIh3p6iOc/vibscux0x38BZDkn8sCUPxHE=
golang.org/x/text v0.16.0 h1:a94ExnEXNtEwYLGJSIUxnWoxoRz/ZcCsV63ROupILh4=
golang.org/x/text v0.16.0/go.mod h1:GhwF1Be+LQoKShO3cGOHzqOgRrGaYc9AvblQOmPVHnI=
google.golang.org/genproto/googleapis/api v0.0.0-20240725223205-93522f1f2a9f h1:b1Ln/PG8orm0SsBbHZWke8dDp2lrCD4jSmfglFpTZbk=
google.golang.org/genproto/googleapis/api v0.0.0-20240725223205-93522f1f2a9f/go.mod h1:AHT0dDg3SoMOgZGnZk29b5xTbPHMoEC8qthmBLJCpys=
google.golang.org/protobuf v1.34.2 h1:6xV6lTsCfpGD21XK49h7MhtcApnLqkfYgPcdHftf6hg=
google.golang.org/protobuf v1.34.2/go.mod h1:qYOHts0dSfpeUzUFpOMr/WGzszTmLH+DiWniOlNbLDw=
